
Microsoft Visual Studio Solution File, Format Version 12.00
# Visual Studio Version 17
VisualStudioVersion = 17.5.002.0
MinimumVisualStudioVersion = 10.0.40219.1
Project("{9A19103F-16F7-4668-BE54-9A1E7A4F7556}") = "my_assistant", "my_assistant\my_assistant.csproj", "{D97D78AC-110A-4317-8AB0-348285264693}"
EndProject
Global
	GlobalSection(SolutionConfigurationPlatforms) = preSolution
		Debug|Any CPU = Debug|Any CPU
		Release|Any CPU = Release|Any CPU
	EndGlobalSection
	GlobalSection(ProjectConfigurationPlatforms) = postSolution
		{D97D78AC-110A-4317-8AB0-348285264693}.Debug|Any CPU.ActiveCfg = Debug|Any CPU
		{D97D78AC-110A-4317-8AB0-348285264693}.Debug|Any CPU.Build.0 = Debug|Any CPU
		{D97D78AC-110A-4317-8AB0-348285264693}.Release|Any CPU.ActiveCfg = Release|Any CPU
		{D97D78AC-110A-4317-8AB0-348285264693}.Release|Any CPU.Build.0 = Release|Any CPU
	EndGlobalSection
	GlobalSection(SolutionProperties) = preSolution
		HideSolutionNode = FALSE
	EndGlobalSection
	GlobalSection(ExtensibilityGlobals) = postSolution
		SolutionGuid = {FA18D41E-9E38-4474-A0B8-B1609BAFBF95}
	EndGlobalSection
EndGlobal
